
Microsoft Visual Studio Solution File, Format Version 12.00
# Visual Studio Version 17
VisualStudioVersion = 17.13.35828.75 d17.13
MinimumVisualStudioVersion = 10.0.40219.1
Project("{FAE04EC0-301F-11D3-BF4B-00C04F79EFBC}") = "El_Tumbis", "El_Tumbis\El_Tumbis.csproj", "{4520DAFA-53A0-40C3-90DB-08B273B05067}"
EndProject
Global
	GlobalSection(SolutionConfigurationPlatforms) = preSolution
		Debug|Any CPU = Debug|Any CPU
		Release|Any CPU = Release|Any CPU
	EndGlobalSection
	GlobalSection(ProjectConfigurationPlatforms) = postSolution
		{4520DAFA-53A0-40C3-90DB-08B273B05067}.Debug|Any CPU.ActiveCfg = Debug|Any CPU
		{4520DAFA-53A0-40C3-90DB-08B273B05067}.Debug|Any CPU.Build.0 = Debug|Any CPU
		{4520DAFA-53A0-40C3-90DB-08B273B05067}.Release|Any CPU.ActiveCfg = Release|Any CPU
		{4520DAFA-53A0-40C3-90DB-08B273B05067}.Release|Any CPU.Build.0 = Release|Any CPU
	EndGlobalSection
	GlobalSection(SolutionProperties) = preSolution
		HideSolutionNode = FALSE
	EndGlobalSection
	GlobalSection(ExtensibilityGlobals) = postSolution
		SolutionGuid = {B1955BDF-EEF1-462A-B6F4-97609A3A3286}
	EndGlobalSection
EndGlobal
